# This file is automatically @generated by Cargo.
# It is not intended for manual editing.
[[package]]
name = "rprompt"
version = "1.0.5"
source = "registry+https://github.com/rust-lang/crates.io-index"

[[package]]
name = "tic-tac"
version = "0.1.0"
dependencies = [
 "rprompt 1.0.5 (registry+https://github.com/rust-lang/crates.io-index)",
]

[metadata]
"checksum rprompt 1.0.5 (registry+https://github.com/rust-lang/crates.io-index)" = "b386f4748bdae2aefc96857f5fda07647f851d089420e577831e2a14b45230f8"
